
Microsoft Visual Studio Solution File, Format Version 12.00
# Visual Studio 2013
VisualStudioVersion = 12.0.30501.0
MinimumVisualStudioVersion = 10.0.40219.1
Project("{581633EB-B896-402F-8E60-36F3DA191C85}") = "lswRichTextEditors", "lswRichTextEditors\lswRichTextEditors.lsxtproj", "{58122EB6-A8A1-4229-9B9C-4DEBF27000EA}"
EndProject
Project("{FAE04EC0-301F-11D3-BF4B-00C04F79EFBC}") = "lswRichTextEditors.Server", "lswRichTextEditors\lswRichTextEditors.Server\lswRichTextEditors.Server.csproj", "{E0AAC645-4D6B-465F-B643-10E0B6F45CB6}"
EndProject
Project("{262852C6-CD72-467D-83FE-5EEB1973A190}") = "lswRichTextEditors.HTMLClient", "lswRichTextEditors\lswRichTextEditors.HTMLClient\lswRichTextEditors.HTMLClient.jsproj", "{77F318B5-EC5B-42CF-9B42-7D01F4A4D3A0}"
EndProject
Global
	GlobalSection(SolutionConfigurationPlatforms) = preSolution
		Debug|Any CPU = Debug|Any CPU
		Release|Any CPU = Release|Any CPU
	EndGlobalSection
	GlobalSection(ProjectConfigurationPlatforms) = postSolution
		{58122EB6-A8A1-4229-9B9C-4DEBF27000EA}.Debug|Any CPU.ActiveCfg = Debug|Any CPU
		{58122EB6-A8A1-4229-9B9C-4DEBF27000EA}.Debug|Any CPU.Build.0 = Debug|Any CPU
		{58122EB6-A8A1-4229-9B9C-4DEBF27000EA}.Release|Any CPU.ActiveCfg = Release|Any CPU
		{58122EB6-A8A1-4229-9B9C-4DEBF27000EA}.Release|Any CPU.Build.0 = Release|Any CPU
		{E0AAC645-4D6B-465F-B643-10E0B6F45CB6}.Debug|Any CPU.ActiveCfg = Debug|Any CPU
		{E0AAC645-4D6B-465F-B643-10E0B6F45CB6}.Debug|Any CPU.Build.0 = Debug|Any CPU
		{E0AAC645-4D6B-465F-B643-10E0B6F45CB6}.Release|Any CPU.ActiveCfg = Release|Any CPU
		{E0AAC645-4D6B-465F-B643-10E0B6F45CB6}.Release|Any CPU.Build.0 = Release|Any CPU
		{77F318B5-EC5B-42CF-9B42-7D01F4A4D3A0}.Debug|Any CPU.ActiveCfg = Debug|Any CPU
		{77F318B5-EC5B-42CF-9B42-7D01F4A4D3A0}.Debug|Any CPU.Build.0 = Debug|Any CPU
		{77F318B5-EC5B-42CF-9B42-7D01F4A4D3A0}.Release|Any CPU.ActiveCfg = Release|Any CPU
		{77F318B5-EC5B-42CF-9B42-7D01F4A4D3A0}.Release|Any CPU.Build.0 = Release|Any CPU
	EndGlobalSection
	GlobalSection(SolutionProperties) = preSolution
		HideSolutionNode = FALSE
	EndGlobalSection
EndGlobal
